
Microsoft Visual Studio Solution File, Format Version 12.00
# Visual Studio Version 17
VisualStudioVersion = 17.0.31903.59
MinimumVisualStudioVersion = 10.0.40219.1
Project("{FAE04EC0-301F-11D3-BF4B-00C04F79EFBC}") = "Lab4.Data", "Lab4.Data\Lab4.Data.csproj", "{132B42C0-7DA5-4E9A-8C59-70FE27C71CC6}"
EndProject
Project("{FAE04EC0-301F-11D3-BF4B-00C04F79EFBC}") = "Lab4.Tests", "Lab4.Tests\Lab4.Tests.csproj", "{F4537242-73DD-4900-81E7-7F69AFDCBB26}"
EndProject
Global
	GlobalSection(SolutionConfigurationPlatforms) = preSolution
		Debug|Any CPU = Debug|Any CPU
		Debug|x64 = Debug|x64
		Debug|x86 = Debug|x86
		Release|Any CPU = Release|Any CPU
		Release|x64 = Release|x64
		Release|x86 = Release|x86
	EndGlobalSection
	GlobalSection(ProjectConfigurationPlatforms) = postSolution
		{132B42C0-7DA5-4E9A-8C59-70FE27C71CC6}.Debug|Any CPU.ActiveCfg = Debug|Any CPU
		{132B42C0-7DA5-4E9A-8C59-70FE27C71CC6}.Debug|Any CPU.Build.0 = Debug|Any CPU
		{132B42C0-7DA5-4E9A-8C59-70FE27C71CC6}.Debug|x64.ActiveCfg = Debug|Any CPU
		{132B42C0-7DA5-4E9A-8C59-70FE27C71CC6}.Debug|x64.Build.0 = Debug|Any CPU
		{132B42C0-7DA5-4E9A-8C59-70FE27C71CC6}.Debug|x86.ActiveCfg = Debug|Any CPU
		{132B42C0-7DA5-4E9A-8C59-70FE27C71CC6}.Debug|x86.Build.0 = Debug|Any CPU
		{132B42C0-7DA5-4E9A-8C59-70FE27C71CC6}.Release|Any CPU.ActiveCfg = Release|Any CPU
		{132B42C0-7DA5-4E9A-8C59-70FE27C71CC6}.Release|Any CPU.Build.0 = Release|Any CPU
		{132B42C0-7DA5-4E9A-8C59-70FE27C71CC6}.Release|x64.ActiveCfg = Release|Any CPU
		{132B42C0-7DA5-4E9A-8C59-70FE27C71CC6}.Release|x64.Build.0 = Release|Any CPU
		{132B42C0-7DA5-4E9A-8C59-70FE27C71CC6}.Release|x86.ActiveCfg = Release|Any CPU
		{132B42C0-7DA5-4E9A-8C59-70FE27C71CC6}.Release|x86.Build.0 = Release|Any CPU
		{F4537242-73DD-4900-81E7-7F69AFDCBB26}.Debug|Any CPU.ActiveCfg = Debug|Any CPU
		{F4537242-73DD-4900-81E7-7F69AFDCBB26}.Debug|Any CPU.Build.0 = Debug|Any CPU
		{F4537242-73DD-4900-81E7-7F69AFDCBB26}.Debug|x64.ActiveCfg = Debug|Any CPU
		{F4537242-73DD-4900-81E7-7F69AFDCBB26}.Debug|x64.Build.0 = Debug|Any CPU
		{F4537242-73DD-4900-81E7-7F69AFDCBB26}.Debug|x86.ActiveCfg = Debug|Any CPU
		{F4537242-73DD-4900-81E7-7F69AFDCBB26}.Debug|x86.Build.0 = Debug|Any CPU
		{F4537242-73DD-4900-81E7-7F69AFDCBB26}.Release|Any CPU.ActiveCfg = Release|Any CPU
		{F4537242-73DD-4900-81E7-7F69AFDCBB26}.Release|Any CPU.Build.0 = Release|Any CPU
		{F4537242-73DD-4900-81E7-7F69AFDCBB26}.Release|x64.ActiveCfg = Release|Any CPU
		{F4537242-73DD-4900-81E7-7F69AFDCBB26}.Release|x64.Build.0 = Release|Any CPU
		{F4537242-73DD-4900-81E7-7F69AFDCBB26}.Release|x86.ActiveCfg = Release|Any CPU
		{F4537242-73DD-4900-81E7-7F69AFDCBB26}.Release|x86.Build.0 = Release|Any CPU
	EndGlobalSection
	GlobalSection(SolutionProperties) = preSolution
		HideSolutionNode = FALSE
	EndGlobalSection
EndGlobal
